
Microsoft Visual Studio Solution File, Format Version 12.00
# Visual Studio Version 16
VisualStudioVersion = 16.0.31624.102
MinimumVisualStudioVersion = 10.0.40219.1
Project("{FAE04EC0-301F-11D3-BF4B-00C04F79EFBC}") = "photo album", "photo album.csproj", "{418DC9F6-1183-42EF-9D31-A56345957CA9}"
EndProject
Global
	GlobalSection(SolutionConfigurationPlatforms) = preSolution
		Debug|Any CPU = Debug|Any CPU
		Release|Any CPU = Release|Any CPU
	EndGlobalSection
	GlobalSection(ProjectConfigurationPlatforms) = postSolution
		{418DC9F6-1183-42EF-9D31-A56345957CA9}.Debug|Any CPU.ActiveCfg = Debug|Any CPU
		{418DC9F6-1183-42EF-9D31-A56345957CA9}.Debug|Any CPU.Build.0 = Debug|Any CPU
		{418DC9F6-1183-42EF-9D31-A56345957CA9}.Release|Any CPU.ActiveCfg = Release|Any CPU
		{418DC9F6-1183-42EF-9D31-A56345957CA9}.Release|Any CPU.Build.0 = Release|Any CPU
	EndGlobalSection
	GlobalSection(SolutionProperties) = preSolution
		HideSolutionNode = FALSE
	EndGlobalSection
	GlobalSection(ExtensibilityGlobals) = postSolution
		SolutionGuid = {D247C392-4BA4-4909-AE15-E965FCB628D7}
	EndGlobalSection
EndGlobal
