
Microsoft Visual Studio Solution File, Format Version 12.00
# Visual Studio Version 16
VisualStudioVersion = 16.0.31624.102
MinimumVisualStudioVersion = 10.0.40219.1
Project("{FAE04EC0-301F-11D3-BF4B-00C04F79EFBC}") = "PhotoAlbum", "PhotoAlbum.csproj", "{4A0C592C-AB9B-4D85-BB3E-8B063D14C48C}"
EndProject
Project("{FAE04EC0-301F-11D3-BF4B-00C04F79EFBC}") = "PhotoAlbum.Tests", "..\PhotoAlbum.Tests\PhotoAlbum.Tests.csproj", "{5FE58DD2-A80B-4751-B2B9-398356AFC812}"
EndProject
Global
	GlobalSection(SolutionConfigurationPlatforms) = preSolution
		Debug|Any CPU = Debug|Any CPU
		Release|Any CPU = Release|Any CPU
	EndGlobalSection
	GlobalSection(ProjectConfigurationPlatforms) = postSolution
		{4A0C592C-AB9B-4D85-BB3E-8B063D14C48C}.Debug|Any CPU.ActiveCfg = Debug|Any CPU
		{4A0C592C-AB9B-4D85-BB3E-8B063D14C48C}.Debug|Any CPU.Build.0 = Debug|Any CPU
		{4A0C592C-AB9B-4D85-BB3E-8B063D14C48C}.Release|Any CPU.ActiveCfg = Release|Any CPU
		{4A0C592C-AB9B-4D85-BB3E-8B063D14C48C}.Release|Any CPU.Build.0 = Release|Any CPU
		{5FE58DD2-A80B-4751-B2B9-398356AFC812}.Debug|Any CPU.ActiveCfg = Debug|Any CPU
		{5FE58DD2-A80B-4751-B2B9-398356AFC812}.Debug|Any CPU.Build.0 = Debug|Any CPU
		{5FE58DD2-A80B-4751-B2B9-398356AFC812}.Release|Any CPU.ActiveCfg = Release|Any CPU
		{5FE58DD2-A80B-4751-B2B9-398356AFC812}.Release|Any CPU.Build.0 = Release|Any CPU
	EndGlobalSection
	GlobalSection(SolutionProperties) = preSolution
		HideSolutionNode = FALSE
	EndGlobalSection
	GlobalSection(ExtensibilityGlobals) = postSolution
		SolutionGuid = {28CA4473-6774-4675-8873-03250CAAE2B6}
	EndGlobalSection
EndGlobal
